
Microsoft Visual Studio Solution File, Format Version 12.00
# Visual Studio Version 16
VisualStudioVersion = 16.0.29409.12
MinimumVisualStudioVersion = 10.0.40219.1
Project("{FAE04EC0-301F-11D3-BF4B-00C04F79EFBC}") = "ASRT Boost Race Enabler", "ASRT Boost Race Enabler.csproj", "{98ADA10A-483A-41B3-B62C-913319206A3E}"
EndProject
Global
	GlobalSection(SolutionConfigurationPlatforms) = preSolution
		Debug|Any CPU = Debug|Any CPU
		Release|Any CPU = Release|Any CPU
	EndGlobalSection
	GlobalSection(ProjectConfigurationPlatforms) = postSolution
		{98ADA10A-483A-41B3-B62C-913319206A3E}.Debug|Any CPU.ActiveCfg = Debug|Any CPU
		{98ADA10A-483A-41B3-B62C-913319206A3E}.Debug|Any CPU.Build.0 = Debug|Any CPU
		{98ADA10A-483A-41B3-B62C-913319206A3E}.Release|Any CPU.ActiveCfg = Release|Any CPU
		{98ADA10A-483A-41B3-B62C-913319206A3E}.Release|Any CPU.Build.0 = Release|Any CPU
	EndGlobalSection
	GlobalSection(SolutionProperties) = preSolution
		HideSolutionNode = FALSE
	EndGlobalSection
	GlobalSection(ExtensibilityGlobals) = postSolution
		SolutionGuid = {CEE6A0BD-216A-40FA-80C6-E5011BD22E31}
	EndGlobalSection
EndGlobal
